
Microsoft Visual Studio Solution File, Format Version 12.00
# Visual Studio Version 17
VisualStudioVersion = 17.2.32616.157
MinimumVisualStudioVersion = 10.0.40219.1
Project("{FAE04EC0-301F-11D3-BF4B-00C04F79EFBC}") = "GIT_es1", "GIT_es1\GIT_es1.csproj", "{EF7A695E-CA47-4323-9434-279D760FF4C7}"
EndProject
Global
	GlobalSection(SolutionConfigurationPlatforms) = preSolution
		Debug|Any CPU = Debug|Any CPU
		Release|Any CPU = Release|Any CPU
	EndGlobalSection
	GlobalSection(ProjectConfigurationPlatforms) = postSolution
		{EF7A695E-CA47-4323-9434-279D760FF4C7}.Debug|Any CPU.ActiveCfg = Debug|Any CPU
		{EF7A695E-CA47-4323-9434-279D760FF4C7}.Debug|Any CPU.Build.0 = Debug|Any CPU
		{EF7A695E-CA47-4323-9434-279D760FF4C7}.Release|Any CPU.ActiveCfg = Release|Any CPU
		{EF7A695E-CA47-4323-9434-279D760FF4C7}.Release|Any CPU.Build.0 = Release|Any CPU
	EndGlobalSection
	GlobalSection(SolutionProperties) = preSolution
		HideSolutionNode = FALSE
	EndGlobalSection
	GlobalSection(ExtensibilityGlobals) = postSolution
		SolutionGuid = {60910BB8-D833-4836-85B7-AB32F8CF6A55}
	EndGlobalSection
EndGlobal
